
Microsoft Visual Studio Solution File, Format Version 12.00
# Visual Studio Version 17
VisualStudioVersion = 17.3.32825.248
MinimumVisualStudioVersion = 10.0.40219.1
Project("{FAE04EC0-301F-11D3-BF4B-00C04F79EFBC}") = "Ayang-ang_Pattawi_McDonalds", "Ayang-ang_Pattawi_McDonalds\Ayang-ang_Pattawi_McDonalds.csproj", "{D00A576F-8976-4CA3-B0F6-5DCF15865A70}"
EndProject
Global
	GlobalSection(SolutionConfigurationPlatforms) = preSolution
		Debug|Any CPU = Debug|Any CPU
		Release|Any CPU = Release|Any CPU
	EndGlobalSection
	GlobalSection(ProjectConfigurationPlatforms) = postSolution
		{D00A576F-8976-4CA3-B0F6-5DCF15865A70}.Debug|Any CPU.ActiveCfg = Debug|Any CPU
		{D00A576F-8976-4CA3-B0F6-5DCF15865A70}.Debug|Any CPU.Build.0 = Debug|Any CPU
		{D00A576F-8976-4CA3-B0F6-5DCF15865A70}.Release|Any CPU.ActiveCfg = Release|Any CPU
		{D00A576F-8976-4CA3-B0F6-5DCF15865A70}.Release|Any CPU.Build.0 = Release|Any CPU
	EndGlobalSection
	GlobalSection(SolutionProperties) = preSolution
		HideSolutionNode = FALSE
	EndGlobalSection
	GlobalSection(ExtensibilityGlobals) = postSolution
		SolutionGuid = {0DC122AA-62C5-4DDE-A077-44097E8EA38F}
	EndGlobalSection
EndGlobal
